// !$*UTF8*$!
{
	archiveVersion = 1;
	classes = {
	};
	objectVersion = 48;
	objects = {

/* Begin PBXBuildFile section */
		111AFB9E1FD580B100A5B899 /* main.cpp in Sources */ = {isa = PBXBuildFile; fileRef = 111AFB9D1FD580B100A5B899 /* main.cpp */; };
		111AFBA61FD580F000A5B899 /* gtest.framework in Frameworks */ = {isa = PBXBuildFile; fileRef = 111AFBA51FD580F000A5B899 /* gtest.framework */; };
/* End PBXBuildFile section */

/* Begin PBXCopyFilesBuildPhase section */
		111AFB981FD580B100A5B899 /* CopyFiles */ = {
			isa = PBXCopyFilesBuildPhase;
			buildActionMask = 2147483647;
			dstPath = /usr/share/man/man1/;
			dstSubfolderSpec = 0;
			files = (
			);
			runOnlyForDeploymentPostprocessing = 1;
		};
/* End PBXCopyFilesBuildPhase section */

/* Begin PBXFileReference section */
		111AFB9A1FD580B100A5B899 /* MeldingHeaps */ = {isa = PBXFileReference; explicitFileType = "compiled.mach-o.executable"; includeInIndex = 0; path = MeldingHeaps; sourceTree = BUILT_PRODUCTS_DIR; };
		111AFB9D1FD580B100A5B899 /* main.cpp */ = {isa = PBXFileReference; lastKnownFileType = sourcecode.cpp.cpp; path = main.cpp; sourceTree = "<group>"; };
		111AFBA51FD580F000A5B899 /* gtest.framework */ = {isa = PBXFileReference; lastKnownFileType = wrapper.framework; path = gtest.framework; sourceTree = "<group>"; };
		111AFBA71FD5814F00A5B899 /* IHeap.h */ = {isa = PBXFileReference; lastKnownFileType = sourcecode.c.h; path = IHeap.h; sourceTree = "<group>"; };
		111AFBA81FD5826700A5B899 /* BinomialHeap.h */ = {isa = PBXFileReference; lastKnownFileType = sourcecode.c.h; path = BinomialHeap.h; sourceTree = "<group>"; };
		1185F70B1FD7263700381B91 /* BinaryTree.h */ = {isa = PBXFileReference; lastKnownFileType = sourcecode.c.h; path = BinaryTree.h; sourceTree = "<group>"; };
		1185F70C1FD7281700381B91 /* LeftistHeap.h */ = {isa = PBXFileReference; lastKnownFileType = sourcecode.c.h; path = LeftistHeap.h; sourceTree = "<group>"; };
		1185F70D1FD80B7500381B91 /* StlMeldingHeap.h */ = {isa = PBXFileReference; lastKnownFileType = sourcecode.c.h; path = StlMeldingHeap.h; sourceTree = "<group>"; };
		1185F7111FDBF53D00381B91 /* tests.h */ = {isa = PBXFileReference; fileEncoding = 4; lastKnownFileType = sourcecode.c.h; path = tests.h; sourceTree = "<group>"; };
		1185F7121FDD8A7400381B91 /* SkewHeap.h */ = {isa = PBXFileReference; lastKnownFileType = sourcecode.c.h; path = SkewHeap.h; sourceTree = "<group>"; };
		1185F7131FDD8C3000381B91 /* Stopwatch.h */ = {isa = PBXFileReference; lastKnownFileType = sourcecode.c.h; path = Stopwatch.h; sourceTree = "<group>"; };
/* End PBXFileReference section */

/* Begin PBXFrameworksBuildPhase section */
		111AFB971FD580B100A5B899 /* Frameworks */ = {
			isa = PBXFrameworksBuildPhase;
			buildActionMask = 2147483647;
			files = (
				111AFBA61FD580F000A5B899 /* gtest.framework in Frameworks */,
			);
			runOnlyForDeploymentPostprocessing = 0;
		};
/* End PBXFrameworksBuildPhase section */

/* Begin PBXGroup section */
		111AFB911FD580B100A5B899 = {
			isa = PBXGroup;
			children = (
				111AFB9C1FD580B100A5B899 /* MeldingHeaps */,
				111AFB9B1FD580B100A5B899 /* Products */,
				111AFBA41FD580F000A5B899 /* Frameworks */,
			);
			sourceTree = "<group>";
		};
		111AFB9B1FD580B100A5B899 /* Products */ = {
			isa = PBXGroup;
			children = (
				111AFB9A1FD580B100A5B899 /* MeldingHeaps */,
			);
			name = Products;
			sourceTree = "<group>";
		};
		111AFB9C1FD580B100A5B899 /* MeldingHeaps */ = {
			isa = PBXGroup;
			children = (
				1185F7111FDBF53D00381B91 /* tests.h */,
				111AFB9D1FD580B100A5B899 /* main.cpp */,
				111AFBA71FD5814F00A5B899 /* IHeap.h */,
				111AFBA81FD5826700A5B899 /* BinomialHeap.h */,
				1185F70B1FD7263700381B91 /* BinaryTree.h */,
				1185F70C1FD7281700381B91 /* LeftistHeap.h */,
				1185F70D1FD80B7500381B91 /* StlMeldingHeap.h */,
				1185F7121FDD8A7400381B91 /* SkewHeap.h */,
				1185F7131FDD8C3000381B91 /* Stopwatch.h */,
			);
			path = MeldingHeaps;
			sourceTree = "<group>";
		};
		111AFBA41FD580F000A5B899 /* Frameworks */ = {
			isa = PBXGroup;
			children = (
				111AFBA51FD580F000A5B899 /* gtest.framework */,
			);
			name = Frameworks;
			sourceTree = "<group>";
		};
/* End PBXGroup section */

/* Begin PBXNativeTarget section */
		111AFB991FD580B100A5B899 /* MeldingHeaps */ = {
			isa = PBXNativeTarget;
			buildConfigurationList = 111AFBA11FD580B100A5B899 /* Build configuration list for PBXNativeTarget "MeldingHeaps" */;
			buildPhases = (
				111AFB961FD580B100A5B899 /* Sources */,
				111AFB971FD580B100A5B899 /* Frameworks */,
				111AFB981FD580B100A5B899 /* CopyFiles */,
			);
			buildRules = (
			);
			dependencies = (
			);
			name = MeldingHeaps;
			productName = MeldingHeaps;
			productReference = 111AFB9A1FD580B100A5B899 /* MeldingHeaps */;
			productType = "com.apple.product-type.tool";
		};
/* End PBXNativeTarget section */

/* Begin PBXProject section */
		111AFB921FD580B100A5B899 /* Project object */ = {
			isa = PBXProject;
			attributes = {
				LastUpgradeCheck = 0910;
				ORGANIZATIONNAME = "Nikita Pavlichenko";
				TargetAttributes = {
					111AFB991FD580B100A5B899 = {
						CreatedOnToolsVersion = 9.1;
						ProvisioningStyle = Automatic;
					};
				};
			};
			buildConfigurationList = 111AFB951FD580B100A5B899 /* Build configuration list for PBXProject "MeldingHeaps" */;
			compatibilityVersion = "Xcode 8.0";
			developmentRegion = en;
			hasScannedForEncodings = 0;
			knownRegions = (
				en,
			);
			mainGroup = 111AFB911FD580B100A5B899;
			productRefGroup = 111AFB9B1FD580B100A5B899 /* Products */;
			projectDirPath = "";
			projectRoot = "";
			targets = (
				111AFB991FD580B100A5B899 /* MeldingHeaps */,
			);
		};
/* End PBXProject section */

/* Begin PBXSourcesBuildPhase section */
		111AFB961FD580B100A5B899 /* Sources */ = {
			isa = PBXSourcesBuildPhase;
			buildActionMask = 2147483647;
			files = (
				111AFB9E1FD580B100A5B899 /* main.cpp in Sources */,
			);
			runOnlyForDeploymentPostprocessing = 0;
		};
/* End PBXSourcesBuildPhase section */

/* Begin XCBuildConfiguration section */
		111AFB9F1FD580B100A5B899 /* Debug */ = {
			isa = XCBuildConfiguration;
			buildSettings = {
				ALWAYS_SEARCH_USER_PATHS = NO;
				CLANG_ANALYZER_NONNULL = YES;
				CLANG_ANALYZER_NUMBER_OBJECT_CONVERSION = YES_AGGRESSIVE;
				CLANG_CXX_LANGUAGE_STANDARD = "gnu++14";
				CLANG_CXX_LIBRARY = "libc++";
				CLANG_ENABLE_MODULES = YES;
				CLANG_ENABLE_OBJC_ARC = YES;
				CLANG_WARN_BLOCK_CAPTURE_AUTORELEASING = YES;
				CLANG_WARN_BOOL_CONVERSION = YES;
				CLANG_WARN_COMMA = YES;
				CLANG_WARN_CONSTANT_CONVERSION = YES;
				CLANG_WARN_DIRECT_OBJC_ISA_USAGE = YES_ERROR;
				CLANG_WARN_DOCUMENTATION_COMMENTS = YES;
				CLANG_WARN_EMPTY_BODY = YES;
				CLANG_WARN_ENUM_CONVERSION = YES;
				CLANG_WARN_INFINITE_RECURSION = YES;
				CLANG_WARN_INT_CONVERSION = YES;
				CLANG_WARN_NON_LITERAL_NULL_CONVERSION = YES;
				CLANG_WARN_OBJC_LITERAL_CONVERSION = YES;
				CLANG_WARN_OBJC_ROOT_CLASS = YES_ERROR;
				CLANG_WARN_RANGE_LOOP_ANALYSIS = YES;
				CLANG_WARN_STRICT_PROTOTYPES = YES;
				CLANG_WARN_SUSPICIOUS_MOVE = YES;
				CLANG_WARN_UNGUARDED_AVAILABILITY = YES_AGGRESSIVE;
				CLANG_WARN_UNREACHABLE_CODE = YES;
				CLANG_WARN__DUPLICATE_METHOD_MATCH = YES;
				CODE_SIGN_IDENTITY = "-";
				COPY_PHASE_STRIP = NO;
				DEBUG_INFORMATION_FORMAT = dwarf;
				ENABLE_STRICT_OBJC_MSGSEND = YES;
				ENABLE_TESTABILITY = YES;
				GCC_C_LANGUAGE_STANDARD = gnu11;
				GCC_DYNAMIC_NO_PIC = NO;
				GCC_NO_COMMON_BLOCKS = YES;
				GCC_OPTIMIZATION_LEVEL = 0;
				GCC_PREPROCESSOR_DEFINITIONS = (
					"DEBUG=1",
					"$(inherited)",
				);
				GCC_WARN_64_TO_32_BIT_CONVERSION = YES;
				GCC_WARN_ABOUT_RETURN_TYPE = YES_ERROR;
				GCC_WARN_UNDECLARED_SELECTOR = YES;
				GCC_WARN_UNINITIALIZED_AUTOS = YES_AGGRESSIVE;
				GCC_WARN_UNUSED_FUNCTION = YES;
				GCC_WARN_UNUSED_VARIABLE = YES;
				MACOSX_DEPLOYMENT_TARGET = 10.13;
				MTL_ENABLE_DEBUG_INFO = YES;
				ONLY_ACTIVE_ARCH = YES;
				SDKROOT = macosx;
			};
			name = Debug;
		};
		111AFBA01FD580B100A5B899 /* Release */ = {
			isa = XCBuildConfiguration;
			buildSettings = {
				ALWAYS_SEARCH_USER_PATHS = NO;
				CLANG_ANALYZER_NONNULL = YES;
				CLANG_ANALYZER_NUMBER_OBJECT_CONVERSION = YES_AGGRESSIVE;
				CLANG_CXX_LANGUAGE_STANDARD = "gnu++14";
				CLANG_CXX_LIBRARY = "libc++";
				CLANG_ENABLE_MODULES = YES;
				CLANG_ENABLE_OBJC_ARC = YES;
				CLANG_WARN_BLOCK_CAPTURE_AUTORELEASING = YES;
				CLANG_WARN_BOOL_CONVERSION = YES;
				CLANG_WARN_COMMA = YES;
				CLANG_WARN_CONSTANT_CONVERSION = YES;
				CLANG_WARN_DIRECT_OBJC_ISA_USAGE = YES_ERROR;
				CLANG_WARN_DOCUMENTATION_COMMENTS = YES;
				CLANG_WARN_EMPTY_BODY = YES;
				CLANG_WARN_ENUM_CONVERSION = YES;
				CLANG_WARN_INFINITE_RECURSION = YES;
				CLANG_WARN_INT_CONVERSION = YES;
				CLANG_WARN_NON_LITERAL_NULL_CONVERSION = YES;
				CLANG_WARN_OBJC_LITERAL_CONVERSION = YES;
				CLANG_WARN_OBJC_ROOT_CLASS = YES_ERROR;
				CLANG_WARN_RANGE_LOOP_ANALYSIS = YES;
				CLANG_WARN_STRICT_PROTOTYPES = YES;
				CLANG_WARN_SUSPICIOUS_MOVE = YES;
				CLANG_WARN_UNGUARDED_AVAILABILITY = YES_AGGRESSIVE;
				CLANG_WARN_UNREACHABLE_CODE = YES;
				CLANG_WARN__DUPLICATE_METHOD_MATCH = YES;
				CODE_SIGN_IDENTITY = "-";
				COPY_PHASE_STRIP = NO;
				DEBUG_INFORMATION_FORMAT = "dwarf-with-dsym";
				ENABLE_NS_ASSERTIONS = NO;
				ENABLE_STRICT_OBJC_MSGSEND = YES;
				GCC_C_LANGUAGE_STANDARD = gnu11;
				GCC_NO_COMMON_BLOCKS = YES;
				GCC_WARN_64_TO_32_BIT_CONVERSION = YES;
				GCC_WARN_ABOUT_RETURN_TYPE = YES_ERROR;
				GCC_WARN_UNDECLARED_SELECTOR = YES;
				GCC_WARN_UNINITIALIZED_AUTOS = YES_AGGRESSIVE;
				GCC_WARN_UNUSED_FUNCTION = YES;
				GCC_WARN_UNUSED_VARIABLE = YES;
				MACOSX_DEPLOYMENT_TARGET = 10.13;
				MTL_ENABLE_DEBUG_INFO = NO;
				SDKROOT = macosx;
			};
			name = Release;
		};
		111AFBA21FD580B100A5B899 /* Debug */ = {
			isa = XCBuildConfiguration;
			buildSettings = {
				CODE_SIGN_STYLE = Automatic;
				FRAMEWORK_SEARCH_PATHS = (
					"$(inherited)",
					"$(PROJECT_DIR)",
				);
				PRODUCT_NAME = "$(TARGET_NAME)";
			};
			name = Debug;
		};
		111AFBA31FD580B100A5B899 /* Release */ = {
			isa = XCBuildConfiguration;
			buildSettings = {
				CODE_SIGN_STYLE = Automatic;
				FRAMEWORK_SEARCH_PATHS = (
					"$(inherited)",
					"$(PROJECT_DIR)",
				);
				PRODUCT_NAME = "$(TARGET_NAME)";
			};
			name = Release;
		};
/* End XCBuildConfiguration section */

/* Begin XCConfigurationList section */
		111AFB951FD580B100A5B899 /* Build configuration list for PBXProject "MeldingHeaps" */ = {
			isa = XCConfigurationList;
			buildConfigurations = (
				111AFB9F1FD580B100A5B899 /* Debug */,
				111AFBA01FD580B100A5B899 /* Release */,
			);
			defaultConfigurationIsVisible = 0;
			defaultConfigurationName = Release;
		};
		111AFBA11FD580B100A5B899 /* Build configuration list for PBXNativeTarget "MeldingHeaps" */ = {
			isa = XCConfigurationList;
			buildConfigurations = (
				111AFBA21FD580B100A5B899 /* Debug */,
				111AFBA31FD580B100A5B899 /* Release */,
			);
			defaultConfigurationIsVisible = 0;
			defaultConfigurationName = Release;
		};
/* End XCConfigurationList section */
	};
	rootObject = 111AFB921FD580B100A5B899 /* Project object */;
}
